
Microsoft Visual Studio Solution File, Format Version 12.00
# Visual Studio Version 16
VisualStudioVersion = 16.0.32002.261
MinimumVisualStudioVersion = 10.0.40219.1
Project("{8BC9CEB8-8B4A-11D0-8D11-00A0C91BC942}") = "workshop 10", "workshop 10\workshop 10.vcxproj", "{17D58480-2590-4D99-94AE-C2288BB57E89}"
EndProject
Global
	GlobalSection(SolutionConfigurationPlatforms) = preSolution
		Debug|x64 = Debug|x64
		Debug|x86 = Debug|x86
		Release|x64 = Release|x64
		Release|x86 = Release|x86
	EndGlobalSection
	GlobalSection(ProjectConfigurationPlatforms) = postSolution
		{17D58480-2590-4D99-94AE-C2288BB57E89}.Debug|x64.ActiveCfg = Debug|x64
		{17D58480-2590-4D99-94AE-C2288BB57E89}.Debug|x64.Build.0 = Debug|x64
		{17D58480-2590-4D99-94AE-C2288BB57E89}.Debug|x86.ActiveCfg = Debug|Win32
		{17D58480-2590-4D99-94AE-C2288BB57E89}.Debug|x86.Build.0 = Debug|Win32
		{17D58480-2590-4D99-94AE-C2288BB57E89}.Release|x64.ActiveCfg = Release|x64
		{17D58480-2590-4D99-94AE-C2288BB57E89}.Release|x64.Build.0 = Release|x64
		{17D58480-2590-4D99-94AE-C2288BB57E89}.Release|x86.ActiveCfg = Release|Win32
		{17D58480-2590-4D99-94AE-C2288BB57E89}.Release|x86.Build.0 = Release|Win32
	EndGlobalSection
	GlobalSection(SolutionProperties) = preSolution
		HideSolutionNode = FALSE
	EndGlobalSection
	GlobalSection(ExtensibilityGlobals) = postSolution
		SolutionGuid = {107D6FA4-1E86-4D5E-B09A-B88A1FF18703}
	EndGlobalSection
EndGlobal
