
Microsoft Visual Studio Solution File, Format Version 12.00
# Visual Studio Version 16
VisualStudioVersion = 16.0.32002.261
MinimumVisualStudioVersion = 10.0.40219.1
Project("{8BC9CEB8-8B4A-11D0-8D11-00A0C91BC942}") = "workshop 6", "workshop 6\workshop 6.vcxproj", "{250506AE-40F2-4059-BE80-96A4FE590F54}"
EndProject
Global
	GlobalSection(SolutionConfigurationPlatforms) = preSolution
		Debug|x64 = Debug|x64
		Debug|x86 = Debug|x86
		Release|x64 = Release|x64
		Release|x86 = Release|x86
	EndGlobalSection
	GlobalSection(ProjectConfigurationPlatforms) = postSolution
		{250506AE-40F2-4059-BE80-96A4FE590F54}.Debug|x64.ActiveCfg = Debug|x64
		{250506AE-40F2-4059-BE80-96A4FE590F54}.Debug|x64.Build.0 = Debug|x64
		{250506AE-40F2-4059-BE80-96A4FE590F54}.Debug|x86.ActiveCfg = Debug|Win32
		{250506AE-40F2-4059-BE80-96A4FE590F54}.Debug|x86.Build.0 = Debug|Win32
		{250506AE-40F2-4059-BE80-96A4FE590F54}.Release|x64.ActiveCfg = Release|x64
		{250506AE-40F2-4059-BE80-96A4FE590F54}.Release|x64.Build.0 = Release|x64
		{250506AE-40F2-4059-BE80-96A4FE590F54}.Release|x86.ActiveCfg = Release|Win32
		{250506AE-40F2-4059-BE80-96A4FE590F54}.Release|x86.Build.0 = Release|Win32
	EndGlobalSection
	GlobalSection(SolutionProperties) = preSolution
		HideSolutionNode = FALSE
	EndGlobalSection
	GlobalSection(ExtensibilityGlobals) = postSolution
		SolutionGuid = {3ABA968C-4AA3-4CDB-9BB9-17F2A61454CD}
	EndGlobalSection
EndGlobal
